<?xml version="1.0" encoding="utf-8"?>
<Project ToolsVersion="4.0" xmlns="http://schemas.microsoft.com/developer/msbuild/2003">
  <ItemGroup>
    <Filter Include="源文件">
      <UniqueIdentifier>{4FC737F1-C7A5-4376-A066-2A32D752A2FF}</UniqueIdentifier>
      <Extensions>cpp;c;cc;cxx;def;odl;idl;hpj;bat;asm;asmx</Extensions>
    </Filter>
    <Filter Include="头文件">
      <UniqueIdentifier>{93995380-89BD-4b04-88EB-625FBE52EBFB}</UniqueIdentifier>
      <Extensions>h;hh;hpp;hxx;hm;inl;inc;xsd</Extensions>
    </Filter>
    <Filter Include="资源文件">
      <UniqueIdentifier>{67DA6AB6-F800-4c08-8B7A-83BB121AAD01}</UniqueIdentifier>
      <Extensions>rc;ico;cur;bmp;dlg;rc2;rct;bin;rgs;gif;jpg;jpeg;jpe;resx;tiff;tif;png;wav;mfcribbon-ms</Extensions>
    </Filter>
  </ItemGroup>
  <ItemGroup>
    <Text Include="ReadMe.txt" />
  </ItemGroup>
  <ItemGroup>
    <ClCompile Include="LeetCode.cpp">
      <Filter>源文件</Filter>
    </ClCompile>
    <ClCompile Include="stdafx.cpp">
      <Filter>源文件</Filter>
    </ClCompile>
    <ClCompile Include="Super_Pow.cpp">
      <Filter>源文件</Filter>
    </ClCompile>
    <ClCompile Include="Find_K_Pairs.cpp">
      <Filter>源文件</Filter>
    </ClCompile>
    <ClCompile Include="GuessNumber_I.cpp">
      <Filter>源文件</Filter>
    </ClCompile>
    <ClCompile Include="GuessNumber_II.cpp">
      <Filter>源文件</Filter>
    </ClCompile>
    <ClCompile Include="Sum_Two_Integers.cpp">
      <Filter>源文件</Filter>
    </ClCompile>
    <ClCompile Include="Largest_Divisible_Subset.cpp">
      <Filter>源文件</Filter>
    </ClCompile>
    <ClCompile Include="MaxSumRectangle.cpp">
      <Filter>源文件</Filter>
    </ClCompile>
    <ClCompile Include="WiggleSubsequence.cpp">
      <Filter>源文件</Filter>
    </ClCompile>
    <ClCompile Include="TwoSum.cpp">
      <Filter>源文件</Filter>
    </ClCompile>
    <ClCompile Include="LongestSubstring.cpp">
      <Filter>源文件</Filter>
    </ClCompile>
  </ItemGroup>
  <ItemGroup>
    <ClInclude Include="stdafx.h">
      <Filter>头文件</Filter>
    </ClInclude>
    <ClInclude Include="targetver.h">
      <Filter>头文件</Filter>
    </ClInclude>
    <ClInclude Include="Super_Pow.h">
      <Filter>头文件</Filter>
    </ClInclude>
    <ClInclude Include="Find_K_Pairs.h">
      <Filter>头文件</Filter>
    </ClInclude>
    <ClInclude Include="GuessNumber_I.h">
      <Filter>头文件</Filter>
    </ClInclude>
    <ClInclude Include="GuessNumber_II.h">
      <Filter>头文件</Filter>
    </ClInclude>
    <ClInclude Include="Sum_Two_Integers.h">
      <Filter>头文件</Filter>
    </ClInclude>
    <ClInclude Include="Largest_Divisible_Subset.h">
      <Filter>头文件</Filter>
    </ClInclude>
    <ClInclude Include="MaxSumRectangle.h">
      <Filter>头文件</Filter>
    </ClInclude>
    <ClInclude Include="WiggleSubsequence.h">
      <Filter>头文件</Filter>
    </ClInclude>
    <ClInclude Include="TwoSum.h">
      <Filter>头文件</Filter>
    </ClInclude>
    <ClInclude Include="LongestSubstring.h">
      <Filter>头文件</Filter>
    </ClInclude>
  </ItemGroup>
</Project>